
Microsoft Visual Studio Solution File, Format Version 12.00
# Visual Studio Version 17
VisualStudioVersion = 17.8.34525.116
MinimumVisualStudioVersion = 10.0.40219.1
Project("{9A19103F-16F7-4668-BE54-9A1E7A4F7556}") = "Unicam.Ristorante.Web", "RistoranteWebApp\Unicam.Ristorante.Web.csproj", "{9B85C1B1-1BC7-4F11-A88C-672D02A61CB5}"
	ProjectSection(ProjectDependencies) = postProject
		{C27620F9-565B-480C-B84D-8C8790E931D9} = {C27620F9-565B-480C-B84D-8C8790E931D9}
	EndProjectSection
EndProject
Project("{9A19103F-16F7-4668-BE54-9A1E7A4F7556}") = "Unicam.Ristorante.Models", "Unicam.Ristorante.Models\Unicam.Ristorante.Models.csproj", "{D76A12CF-6265-4D0D-8562-5F4544C53E86}"
EndProject
Project("{9A19103F-16F7-4668-BE54-9A1E7A4F7556}") = "Unicam.Ristorante.Application", "Unicam.Ristorante.Application\Unicam.Ristorante.Application.csproj", "{C27620F9-565B-480C-B84D-8C8790E931D9}"
EndProject
Project("{9A19103F-16F7-4668-BE54-9A1E7A4F7556}") = "Unicam.Ristorante.Testing", "Unicam.Ristorante.Testing\Unicam.Ristorante.Testing.csproj", "{799337FB-36C8-4000-80F8-69E682E87B17}"
EndProject
Project("{2150E333-8FDC-42A3-9474-1A3956D46DE8}") = "Elementi di soluzione", "Elementi di soluzione", "{6B09B717-6279-43FF-A395-8E32FD87ED26}"
	ProjectSection(SolutionItems) = preProject
		RistoranteDB.sql = RistoranteDB.sql
	EndProjectSection
EndProject
Global
	GlobalSection(SolutionConfigurationPlatforms) = preSolution
		Debug|Any CPU = Debug|Any CPU
		Release|Any CPU = Release|Any CPU
	EndGlobalSection
	GlobalSection(ProjectConfigurationPlatforms) = postSolution
		{9B85C1B1-1BC7-4F11-A88C-672D02A61CB5}.Debug|Any CPU.ActiveCfg = Debug|Any CPU
		{9B85C1B1-1BC7-4F11-A88C-672D02A61CB5}.Debug|Any CPU.Build.0 = Debug|Any CPU
		{9B85C1B1-1BC7-4F11-A88C-672D02A61CB5}.Release|Any CPU.ActiveCfg = Release|Any CPU
		{9B85C1B1-1BC7-4F11-A88C-672D02A61CB5}.Release|Any CPU.Build.0 = Release|Any CPU
		{D76A12CF-6265-4D0D-8562-5F4544C53E86}.Debug|Any CPU.ActiveCfg = Debug|Any CPU
		{D76A12CF-6265-4D0D-8562-5F4544C53E86}.Debug|Any CPU.Build.0 = Debug|Any CPU
		{D76A12CF-6265-4D0D-8562-5F4544C53E86}.Release|Any CPU.ActiveCfg = Release|Any CPU
		{D76A12CF-6265-4D0D-8562-5F4544C53E86}.Release|Any CPU.Build.0 = Release|Any CPU
		{C27620F9-565B-480C-B84D-8C8790E931D9}.Debug|Any CPU.ActiveCfg = Debug|Any CPU
		{C27620F9-565B-480C-B84D-8C8790E931D9}.Debug|Any CPU.Build.0 = Debug|Any CPU
		{C27620F9-565B-480C-B84D-8C8790E931D9}.Release|Any CPU.ActiveCfg = Release|Any CPU
		{C27620F9-565B-480C-B84D-8C8790E931D9}.Release|Any CPU.Build.0 = Release|Any CPU
		{799337FB-36C8-4000-80F8-69E682E87B17}.Debug|Any CPU.ActiveCfg = Debug|Any CPU
		{799337FB-36C8-4000-80F8-69E682E87B17}.Debug|Any CPU.Build.0 = Debug|Any CPU
		{799337FB-36C8-4000-80F8-69E682E87B17}.Release|Any CPU.ActiveCfg = Release|Any CPU
		{799337FB-36C8-4000-80F8-69E682E87B17}.Release|Any CPU.Build.0 = Release|Any CPU
	EndGlobalSection
	GlobalSection(SolutionProperties) = preSolution
		HideSolutionNode = FALSE
	EndGlobalSection
	GlobalSection(ExtensibilityGlobals) = postSolution
		SolutionGuid = {A184932E-700D-43C8-9395-D81619FAB74E}
	EndGlobalSection
EndGlobal
